
Microsoft Visual Studio Solution File, Format Version 12.00
# Visual Studio 15
VisualStudioVersion = 15.0.27004.2008
MinimumVisualStudioVersion = 10.0.40219.1
Project("{FAE04EC0-301F-11D3-BF4B-00C04F79EFBC}") = "WorkoutServerNew", "WorkoutServerNew\WorkoutServerNew.csproj", "{3471236E-51B8-4E5F-A01C-600E82132D7F}"
EndProject
Project("{FAE04EC0-301F-11D3-BF4B-00C04F79EFBC}") = "WorkoutServerNew.Tests", "WorkoutServerNew.Tests\WorkoutServerNew.Tests.csproj", "{FF4C376D-7876-4D06-8015-BC1890BF8D07}"
EndProject
Global
	GlobalSection(SolutionConfigurationPlatforms) = preSolution
		Debug|Any CPU = Debug|Any CPU
		Release|Any CPU = Release|Any CPU
	EndGlobalSection
	GlobalSection(ProjectConfigurationPlatforms) = postSolution
		{3471236E-51B8-4E5F-A01C-600E82132D7F}.Debug|Any CPU.ActiveCfg = Debug|Any CPU
		{3471236E-51B8-4E5F-A01C-600E82132D7F}.Debug|Any CPU.Build.0 = Debug|Any CPU
		{3471236E-51B8-4E5F-A01C-600E82132D7F}.Release|Any CPU.ActiveCfg = Release|Any CPU
		{3471236E-51B8-4E5F-A01C-600E82132D7F}.Release|Any CPU.Build.0 = Release|Any CPU
		{FF4C376D-7876-4D06-8015-BC1890BF8D07}.Debug|Any CPU.ActiveCfg = Debug|Any CPU
		{FF4C376D-7876-4D06-8015-BC1890BF8D07}.Debug|Any CPU.Build.0 = Debug|Any CPU
		{FF4C376D-7876-4D06-8015-BC1890BF8D07}.Release|Any CPU.ActiveCfg = Release|Any CPU
		{FF4C376D-7876-4D06-8015-BC1890BF8D07}.Release|Any CPU.Build.0 = Release|Any CPU
	EndGlobalSection
	GlobalSection(SolutionProperties) = preSolution
		HideSolutionNode = FALSE
	EndGlobalSection
	GlobalSection(ExtensibilityGlobals) = postSolution
		SolutionGuid = {6CDAA13D-7B7C-449A-BD7F-ADAA92A3FC32}
	EndGlobalSection
EndGlobal
